
Microsoft Visual Studio Solution File, Format Version 12.00
# Visual Studio 15
VisualStudioVersion = 15.0.28307.572
MinimumVisualStudioVersion = 10.0.40219.1
Project("{FAE04EC0-301F-11D3-BF4B-00C04F79EFBC}") = "HashTable", "ConsoleApp1\HashTable.csproj", "{FA06DCCF-49FD-4098-AC36-1282C6D9F8E7}"
EndProject
Global
	GlobalSection(SolutionConfigurationPlatforms) = preSolution
		Debug|Any CPU = Debug|Any CPU
		Release|Any CPU = Release|Any CPU
	EndGlobalSection
	GlobalSection(ProjectConfigurationPlatforms) = postSolution
		{FA06DCCF-49FD-4098-AC36-1282C6D9F8E7}.Debug|Any CPU.ActiveCfg = Debug|Any CPU
		{FA06DCCF-49FD-4098-AC36-1282C6D9F8E7}.Debug|Any CPU.Build.0 = Debug|Any CPU
		{FA06DCCF-49FD-4098-AC36-1282C6D9F8E7}.Release|Any CPU.ActiveCfg = Release|Any CPU
		{FA06DCCF-49FD-4098-AC36-1282C6D9F8E7}.Release|Any CPU.Build.0 = Release|Any CPU
	EndGlobalSection
	GlobalSection(SolutionProperties) = preSolution
		HideSolutionNode = FALSE
	EndGlobalSection
	GlobalSection(ExtensibilityGlobals) = postSolution
		SolutionGuid = {66A57355-FCEB-451F-9F33-AE78185369ED}
	EndGlobalSection
EndGlobal
